
Microsoft Visual Studio Solution File, Format Version 12.00
# Visual Studio Version 16
VisualStudioVersion = 16.0.31410.357
MinimumVisualStudioVersion = 10.0.40219.1
Project("{9A19103F-16F7-4668-BE54-9A1E7A4F7556}") = "DataAccess", "DataAccess\DataAccess.csproj", "{1713717A-90D1-4122-A063-5347CB003C46}"
EndProject
Project("{9A19103F-16F7-4668-BE54-9A1E7A4F7556}") = "Business", "Business\Business.csproj", "{460AA944-D1DF-47C8-8F85-F4866C7BDF08}"
EndProject
Project("{9A19103F-16F7-4668-BE54-9A1E7A4F7556}") = "Entities", "Entities\Entities.csproj", "{6014F655-B180-4642-9EFF-867E9CEB908D}"
EndProject
Project("{9A19103F-16F7-4668-BE54-9A1E7A4F7556}") = "Core", "Core\Core.csproj", "{E4AB8F66-3880-4AED-90CD-0F9439D878D4}"
EndProject
Project("{FAE04EC0-301F-11D3-BF4B-00C04F79EFBC}") = "WebApiM", "WebApiM\WebApiM.csproj", "{AB3A1182-DBF4-4687-BFE7-FC831C3A2F9E}"
EndProject
Global
	GlobalSection(SolutionConfigurationPlatforms) = preSolution
		Debug|Any CPU = Debug|Any CPU
		Release|Any CPU = Release|Any CPU
	EndGlobalSection
	GlobalSection(ProjectConfigurationPlatforms) = postSolution
		{1713717A-90D1-4122-A063-5347CB003C46}.Debug|Any CPU.ActiveCfg = Debug|Any CPU
		{1713717A-90D1-4122-A063-5347CB003C46}.Debug|Any CPU.Build.0 = Debug|Any CPU
		{1713717A-90D1-4122-A063-5347CB003C46}.Release|Any CPU.ActiveCfg = Release|Any CPU
		{1713717A-90D1-4122-A063-5347CB003C46}.Release|Any CPU.Build.0 = Release|Any CPU
		{460AA944-D1DF-47C8-8F85-F4866C7BDF08}.Debug|Any CPU.ActiveCfg = Debug|Any CPU
		{460AA944-D1DF-47C8-8F85-F4866C7BDF08}.Debug|Any CPU.Build.0 = Debug|Any CPU
		{460AA944-D1DF-47C8-8F85-F4866C7BDF08}.Release|Any CPU.ActiveCfg = Release|Any CPU
		{460AA944-D1DF-47C8-8F85-F4866C7BDF08}.Release|Any CPU.Build.0 = Release|Any CPU
		{6014F655-B180-4642-9EFF-867E9CEB908D}.Debug|Any CPU.ActiveCfg = Debug|Any CPU
		{6014F655-B180-4642-9EFF-867E9CEB908D}.Debug|Any CPU.Build.0 = Debug|Any CPU
		{6014F655-B180-4642-9EFF-867E9CEB908D}.Release|Any CPU.ActiveCfg = Release|Any CPU
		{6014F655-B180-4642-9EFF-867E9CEB908D}.Release|Any CPU.Build.0 = Release|Any CPU
		{E4AB8F66-3880-4AED-90CD-0F9439D878D4}.Debug|Any CPU.ActiveCfg = Debug|Any CPU
		{E4AB8F66-3880-4AED-90CD-0F9439D878D4}.Debug|Any CPU.Build.0 = Debug|Any CPU
		{E4AB8F66-3880-4AED-90CD-0F9439D878D4}.Release|Any CPU.ActiveCfg = Release|Any CPU
		{E4AB8F66-3880-4AED-90CD-0F9439D878D4}.Release|Any CPU.Build.0 = Release|Any CPU
		{AB3A1182-DBF4-4687-BFE7-FC831C3A2F9E}.Debug|Any CPU.ActiveCfg = Debug|Any CPU
		{AB3A1182-DBF4-4687-BFE7-FC831C3A2F9E}.Debug|Any CPU.Build.0 = Debug|Any CPU
		{AB3A1182-DBF4-4687-BFE7-FC831C3A2F9E}.Release|Any CPU.ActiveCfg = Release|Any CPU
		{AB3A1182-DBF4-4687-BFE7-FC831C3A2F9E}.Release|Any CPU.Build.0 = Release|Any CPU
	EndGlobalSection
	GlobalSection(SolutionProperties) = preSolution
		HideSolutionNode = FALSE
	EndGlobalSection
	GlobalSection(ExtensibilityGlobals) = postSolution
		SolutionGuid = {A0D425FD-CFD4-4B2D-AF93-99CDC8B351EB}
	EndGlobalSection
EndGlobal
